// !$*UTF8*$!
{
	archiveVersion = 1;
	classes = {
	};
	objectVersion = 52;
	objects = {

/* Begin PBXBuildFile section */
		90659A0C2496384600233C5A /* APIEndpoint.swift in Sources */ = {isa = PBXBuildFile; fileRef = 90659A0B2496384600233C5A /* APIEndpoint.swift */; };
		90659A0E2496385A00233C5A /* APIRequest.swift in Sources */ = {isa = PBXBuildFile; fileRef = 90659A0D2496385A00233C5A /* APIRequest.swift */; };
		90659A102496387400233C5A /* APIWorker.swift in Sources */ = {isa = PBXBuildFile; fileRef = 90659A0F2496387400233C5A /* APIWorker.swift */; };
		9066D50724964AE9008A8A71 /* ObtainPhotos.swift in Sources */ = {isa = PBXBuildFile; fileRef = 9066D50624964AE9008A8A71 /* ObtainPhotos.swift */; };
		9066D50A24964B40008A8A71 /* Album.swift in Sources */ = {isa = PBXBuildFile; fileRef = 9066D50924964B40008A8A71 /* Album.swift */; };
		9066D50C24964B45008A8A71 /* Photo.swift in Sources */ = {isa = PBXBuildFile; fileRef = 9066D50B24964B45008A8A71 /* Photo.swift */; };
		9066D50E24964CAE008A8A71 /* User.swift in Sources */ = {isa = PBXBuildFile; fileRef = 9066D50D24964CAE008A8A71 /* User.swift */; };
		9066D51024965FA0008A8A71 /* Comment.swift in Sources */ = {isa = PBXBuildFile; fileRef = 9066D50F24965FA0008A8A71 /* Comment.swift */; };
		906829C124952FEF0051BE94 /* APIService.swift in Sources */ = {isa = PBXBuildFile; fileRef = 906829C024952FEF0051BE94 /* APIService.swift */; };
		906829C324962D3C0051BE94 /* ObtainAlbum.swift in Sources */ = {isa = PBXBuildFile; fileRef = 906829C224962D3C0051BE94 /* ObtainAlbum.swift */; };
		90A5CEFC24918D5D005668A7 /* AppDelegate.swift in Sources */ = {isa = PBXBuildFile; fileRef = 90A5CEFB24918D5D005668A7 /* AppDelegate.swift */; };
		90A5CEFE24918D5D005668A7 /* SceneDelegate.swift in Sources */ = {isa = PBXBuildFile; fileRef = 90A5CEFD24918D5D005668A7 /* SceneDelegate.swift */; };
		90A5CF0024918D5D005668A7 /* ViewController.swift in Sources */ = {isa = PBXBuildFile; fileRef = 90A5CEFF24918D5D005668A7 /* ViewController.swift */; };
		90A5CF0324918D5D005668A7 /* Main.storyboard in Resources */ = {isa = PBXBuildFile; fileRef = 90A5CF0124918D5D005668A7 /* Main.storyboard */; };
		90A5CF0524918D5E005668A7 /* Assets.xcassets in Resources */ = {isa = PBXBuildFile; fileRef = 90A5CF0424918D5E005668A7 /* Assets.xcassets */; };
		90A5CF0824918D5E005668A7 /* LaunchScreen.storyboard in Resources */ = {isa = PBXBuildFile; fileRef = 90A5CF0624918D5E005668A7 /* LaunchScreen.storyboard */; };
		90A5CF1324918D5E005668A7 /* BabylonDemoProjectTests.swift in Sources */ = {isa = PBXBuildFile; fileRef = 90A5CF1224918D5E005668A7 /* BabylonDemoProjectTests.swift */; };
		90DD5E7524963A0D00696200 /* ObjectDeallocatedError.swift in Sources */ = {isa = PBXBuildFile; fileRef = 90DD5E7424963A0D00696200 /* ObjectDeallocatedError.swift */; };
		D92B081C2496DC60000B97C3 /* LocalAPIService.swift in Sources */ = {isa = PBXBuildFile; fileRef = D92B081B2496DC60000B97C3 /* LocalAPIService.swift */; };
		D92B08202496DC85000B97C3 /* JSONs.xcassets in Resources */ = {isa = PBXBuildFile; fileRef = D92B081F2496DC85000B97C3 /* JSONs.xcassets */; };
		D99712752496C43E00F4170E /* PhotoCollectionViewCell.swift in Sources */ = {isa = PBXBuildFile; fileRef = D99712742496C43E00F4170E /* PhotoCollectionViewCell.swift */; };
		D99712782496D40000F4170E /* Kingfisher in Frameworks */ = {isa = PBXBuildFile; productRef = D99712772496D40000F4170E /* Kingfisher */; };
		D9E445E52496A358003282F6 /* ObtainUser.swift in Sources */ = {isa = PBXBuildFile; fileRef = D9E445E42496A358003282F6 /* ObtainUser.swift */; };
		D9E445E72496A386003282F6 /* ObtainCommentsOfPhoto.swift in Sources */ = {isa = PBXBuildFile; fileRef = D9E445E62496A386003282F6 /* ObtainCommentsOfPhoto.swift */; };
		D9E445EA2496C1F2003282F6 /* PhotosListViewController.swift in Sources */ = {isa = PBXBuildFile; fileRef = D9E445E92496C1F2003282F6 /* PhotosListViewController.swift */; };
/* End PBXBuildFile section */

/* Begin PBXContainerItemProxy section */
		90A5CF0F24918D5E005668A7 /* PBXContainerItemProxy */ = {
			isa = PBXContainerItemProxy;
			containerPortal = 90A5CEF024918D5D005668A7 /* Project object */;
			proxyType = 1;
			remoteGlobalIDString = 90A5CEF724918D5D005668A7;
			remoteInfo = BabylonDemoProject;
		};
/* End PBXContainerItemProxy section */

/* Begin PBXFileReference section */
		90659A0B2496384600233C5A /* APIEndpoint.swift */ = {isa = PBXFileReference; lastKnownFileType = sourcecode.swift; path = APIEndpoint.swift; sourceTree = "<group>"; };
		90659A0D2496385A00233C5A /* APIRequest.swift */ = {isa = PBXFileReference; lastKnownFileType = sourcecode.swift; path = APIRequest.swift; sourceTree = "<group>"; };
		90659A0F2496387400233C5A /* APIWorker.swift */ = {isa = PBXFileReference; lastKnownFileType = sourcecode.swift; path = APIWorker.swift; sourceTree = "<group>"; };
		9066D50624964AE9008A8A71 /* ObtainPhotos.swift */ = {isa = PBXFileReference; lastKnownFileType = sourcecode.swift; path = ObtainPhotos.swift; sourceTree = "<group>"; };
		9066D50924964B40008A8A71 /* Album.swift */ = {isa = PBXFileReference; lastKnownFileType = sourcecode.swift; path = Album.swift; sourceTree = "<group>"; };
		9066D50B24964B45008A8A71 /* Photo.swift */ = {isa = PBXFileReference; lastKnownFileType = sourcecode.swift; path = Photo.swift; sourceTree = "<group>"; };
		9066D50D24964CAE008A8A71 /* User.swift */ = {isa = PBXFileReference; lastKnownFileType = sourcecode.swift; path = User.swift; sourceTree = "<group>"; };
		9066D50F24965FA0008A8A71 /* Comment.swift */ = {isa = PBXFileReference; lastKnownFileType = sourcecode.swift; path = Comment.swift; sourceTree = "<group>"; };
		906829C024952FEF0051BE94 /* APIService.swift */ = {isa = PBXFileReference; lastKnownFileType = sourcecode.swift; path = APIService.swift; sourceTree = "<group>"; };
		906829C224962D3C0051BE94 /* ObtainAlbum.swift */ = {isa = PBXFileReference; lastKnownFileType = sourcecode.swift; path = ObtainAlbum.swift; sourceTree = "<group>"; };
		90A5CEF824918D5D005668A7 /* BabylonDemoProject.app */ = {isa = PBXFileReference; explicitFileType = wrapper.application; includeInIndex = 0; path = BabylonDemoProject.app; sourceTree = BUILT_PRODUCTS_DIR; };
		90A5CEFB24918D5D005668A7 /* AppDelegate.swift */ = {isa = PBXFileReference; lastKnownFileType = sourcecode.swift; path = AppDelegate.swift; sourceTree = "<group>"; };
		90A5CEFD24918D5D005668A7 /* SceneDelegate.swift */ = {isa = PBXFileReference; lastKnownFileType = sourcecode.swift; path = SceneDelegate.swift; sourceTree = "<group>"; };
		90A5CEFF24918D5D005668A7 /* ViewController.swift */ = {isa = PBXFileReference; lastKnownFileType = sourcecode.swift; path = ViewController.swift; sourceTree = "<group>"; };
		90A5CF0224918D5D005668A7 /* Base */ = {isa = PBXFileReference; lastKnownFileType = file.storyboard; name = Base; path = Base.lproj/Main.storyboard; sourceTree = "<group>"; };
		90A5CF0424918D5E005668A7 /* Assets.xcassets */ = {isa = PBXFileReference; lastKnownFileType = folder.assetcatalog; path = Assets.xcassets; sourceTree = "<group>"; };
		90A5CF0724918D5E005668A7 /* Base */ = {isa = PBXFileReference; lastKnownFileType = file.storyboard; name = Base; path = Base.lproj/LaunchScreen.storyboard; sourceTree = "<group>"; };
		90A5CF0924918D5E005668A7 /* Info.plist */ = {isa = PBXFileReference; lastKnownFileType = text.plist.xml; path = Info.plist; sourceTree = "<group>"; };
		90A5CF0E24918D5E005668A7 /* BabylonDemoProjectTests.xctest */ = {isa = PBXFileReference; explicitFileType = wrapper.cfbundle; includeInIndex = 0; path = BabylonDemoProjectTests.xctest; sourceTree = BUILT_PRODUCTS_DIR; };
		90A5CF1224918D5E005668A7 /* BabylonDemoProjectTests.swift */ = {isa = PBXFileReference; lastKnownFileType = sourcecode.swift; path = BabylonDemoProjectTests.swift; sourceTree = "<group>"; };
		90A5CF1424918D5E005668A7 /* Info.plist */ = {isa = PBXFileReference; lastKnownFileType = text.plist.xml; path = Info.plist; sourceTree = "<group>"; };
		90DD5E7424963A0D00696200 /* ObjectDeallocatedError.swift */ = {isa = PBXFileReference; lastKnownFileType = sourcecode.swift; path = ObjectDeallocatedError.swift; sourceTree = "<group>"; };
		D92B081B2496DC60000B97C3 /* LocalAPIService.swift */ = {isa = PBXFileReference; lastKnownFileType = sourcecode.swift; path = LocalAPIService.swift; sourceTree = "<group>"; };
		D92B081F2496DC85000B97C3 /* JSONs.xcassets */ = {isa = PBXFileReference; lastKnownFileType = folder.assetcatalog; path = JSONs.xcassets; sourceTree = "<group>"; };
		D99712742496C43E00F4170E /* PhotoCollectionViewCell.swift */ = {isa = PBXFileReference; lastKnownFileType = sourcecode.swift; path = PhotoCollectionViewCell.swift; sourceTree = "<group>"; };
		D9E445E42496A358003282F6 /* ObtainUser.swift */ = {isa = PBXFileReference; lastKnownFileType = sourcecode.swift; path = ObtainUser.swift; sourceTree = "<group>"; };
		D9E445E62496A386003282F6 /* ObtainCommentsOfPhoto.swift */ = {isa = PBXFileReference; lastKnownFileType = sourcecode.swift; path = ObtainCommentsOfPhoto.swift; sourceTree = "<group>"; };
		D9E445E92496C1F2003282F6 /* PhotosListViewController.swift */ = {isa = PBXFileReference; lastKnownFileType = sourcecode.swift; path = PhotosListViewController.swift; sourceTree = "<group>"; };
/* End PBXFileReference section */

/* Begin PBXFrameworksBuildPhase section */
		90A5CEF524918D5D005668A7 /* Frameworks */ = {
			isa = PBXFrameworksBuildPhase;
			buildActionMask = 2147483647;
			files = (
				D99712782496D40000F4170E /* Kingfisher in Frameworks */,
			);
			runOnlyForDeploymentPostprocessing = 0;
		};
		90A5CF0B24918D5E005668A7 /* Frameworks */ = {
			isa = PBXFrameworksBuildPhase;
			buildActionMask = 2147483647;
			files = (
			);
			runOnlyForDeploymentPostprocessing = 0;
		};
/* End PBXFrameworksBuildPhase section */

/* Begin PBXGroup section */
		9066D50324963B12008A8A71 /* Core */ = {
			isa = PBXGroup;
			children = (
				906829C024952FEF0051BE94 /* APIService.swift */,
				D92B081B2496DC60000B97C3 /* LocalAPIService.swift */,
				90659A0F2496387400233C5A /* APIWorker.swift */,
				90659A0D2496385A00233C5A /* APIRequest.swift */,
				90659A0B2496384600233C5A /* APIEndpoint.swift */,
			);
			path = Core;
			sourceTree = "<group>";
		};
		9066D50424963B1A008A8A71 /* Requests */ = {
			isa = PBXGroup;
			children = (
				906829C224962D3C0051BE94 /* ObtainAlbum.swift */,
				9066D50624964AE9008A8A71 /* ObtainPhotos.swift */,
				D9E445E42496A358003282F6 /* ObtainUser.swift */,
				D9E445E62496A386003282F6 /* ObtainCommentsOfPhoto.swift */,
			);
			path = Requests;
			sourceTree = "<group>";
		};
		9066D50824964B39008A8A71 /* Entities */ = {
			isa = PBXGroup;
			children = (
				9066D50924964B40008A8A71 /* Album.swift */,
				9066D50B24964B45008A8A71 /* Photo.swift */,
				9066D50D24964CAE008A8A71 /* User.swift */,
				9066D50F24965FA0008A8A71 /* Comment.swift */,
			);
			path = Entities;
			sourceTree = "<group>";
		};
		906829BC24952F830051BE94 /* API */ = {
			isa = PBXGroup;
			children = (
				9066D50324963B12008A8A71 /* Core */,
				9066D50824964B39008A8A71 /* Entities */,
				9066D50424963B1A008A8A71 /* Requests */,
			);
			path = API;
			sourceTree = "<group>";
		};
		906829BD24952F8B0051BE94 /* Application */ = {
			isa = PBXGroup;
			children = (
				90A5CF0624918D5E005668A7 /* LaunchScreen.storyboard */,
				90A5CEFB24918D5D005668A7 /* AppDelegate.swift */,
				90A5CEFD24918D5D005668A7 /* SceneDelegate.swift */,
			);
			path = Application;
			sourceTree = "<group>";
		};
		906829BE24952F9C0051BE94 /* Resources */ = {
			isa = PBXGroup;
			children = (
				90A5CF0424918D5E005668A7 /* Assets.xcassets */,
				D92B081F2496DC85000B97C3 /* JSONs.xcassets */,
				90A5CF0924918D5E005668A7 /* Info.plist */,
			);
			path = Resources;
			sourceTree = "<group>";
		};
		906829BF24952FA60051BE94 /* Stories */ = {
			isa = PBXGroup;
			children = (
				D9E445EB2496C2C1003282F6 /* PhotosList */,
				90A5CF0124918D5D005668A7 /* Main.storyboard */,
				90A5CEFF24918D5D005668A7 /* ViewController.swift */,
			);
			path = Stories;
			sourceTree = "<group>";
		};
		90A5CEEF24918D5D005668A7 = {
			isa = PBXGroup;
			children = (
				90A5CEFA24918D5D005668A7 /* BabylonDemoProject */,
				90A5CF1124918D5E005668A7 /* BabylonDemoProjectTests */,
				90A5CEF924918D5D005668A7 /* Products */,
			);
			sourceTree = "<group>";
		};
		90A5CEF924918D5D005668A7 /* Products */ = {
			isa = PBXGroup;
			children = (
				90A5CEF824918D5D005668A7 /* BabylonDemoProject.app */,
				90A5CF0E24918D5E005668A7 /* BabylonDemoProjectTests.xctest */,
			);
			name = Products;
			sourceTree = "<group>";
		};
		90A5CEFA24918D5D005668A7 /* BabylonDemoProject */ = {
			isa = PBXGroup;
			children = (
				906829BD24952F8B0051BE94 /* Application */,
				906829BC24952F830051BE94 /* API */,
				90DD5E7324963A0200696200 /* Common */,
				906829BE24952F9C0051BE94 /* Resources */,
				906829BF24952FA60051BE94 /* Stories */,
			);
			path = BabylonDemoProject;
			sourceTree = "<group>";
		};
		90A5CF1124918D5E005668A7 /* BabylonDemoProjectTests */ = {
			isa = PBXGroup;
			children = (
				90A5CF1224918D5E005668A7 /* BabylonDemoProjectTests.swift */,
				90A5CF1424918D5E005668A7 /* Info.plist */,
			);
			path = BabylonDemoProjectTests;
			sourceTree = "<group>";
		};
		90DD5E7324963A0200696200 /* Common */ = {
			isa = PBXGroup;
			children = (
				90DD5E7424963A0D00696200 /* ObjectDeallocatedError.swift */,
			);
			path = Common;
			sourceTree = "<group>";
		};
		D9E445EB2496C2C1003282F6 /* PhotosList */ = {
			isa = PBXGroup;
			children = (
				D9E445E92496C1F2003282F6 /* PhotosListViewController.swift */,
				D99712742496C43E00F4170E /* PhotoCollectionViewCell.swift */,
			);
			path = PhotosList;
			sourceTree = "<group>";
		};
/* End PBXGroup section */

/* Begin PBXNativeTarget section */
		90A5CEF724918D5D005668A7 /* BabylonDemoProject */ = {
			isa = PBXNativeTarget;
			buildConfigurationList = 90A5CF1724918D5E005668A7 /* Build configuration list for PBXNativeTarget "BabylonDemoProject" */;
			buildPhases = (
				90A5CF232491911A005668A7 /* Swiftlint */,
				90A5CEF424918D5D005668A7 /* Sources */,
				90A5CEF524918D5D005668A7 /* Frameworks */,
				90A5CEF624918D5D005668A7 /* Resources */,
			);
			buildRules = (
			);
			dependencies = (
			);
			name = BabylonDemoProject;
			packageProductDependencies = (
				D99712772496D40000F4170E /* Kingfisher */,
			);
			productName = BabylonDemoProject;
			productReference = 90A5CEF824918D5D005668A7 /* BabylonDemoProject.app */;
			productType = "com.apple.product-type.application";
		};
		90A5CF0D24918D5E005668A7 /* BabylonDemoProjectTests */ = {
			isa = PBXNativeTarget;
			buildConfigurationList = 90A5CF1A24918D5E005668A7 /* Build configuration list for PBXNativeTarget "BabylonDemoProjectTests" */;
			buildPhases = (
				90A5CF0A24918D5E005668A7 /* Sources */,
				90A5CF0B24918D5E005668A7 /* Frameworks */,
				90A5CF0C24918D5E005668A7 /* Resources */,
			);
			buildRules = (
			);
			dependencies = (
				90A5CF1024918D5E005668A7 /* PBXTargetDependency */,
			);
			name = BabylonDemoProjectTests;
			productName = BabylonDemoProjectTests;
			productReference = 90A5CF0E24918D5E005668A7 /* BabylonDemoProjectTests.xctest */;
			productType = "com.apple.product-type.bundle.unit-test";
		};
/* End PBXNativeTarget section */

/* Begin PBXProject section */
		90A5CEF024918D5D005668A7 /* Project object */ = {
			isa = PBXProject;
			attributes = {
				LastSwiftUpdateCheck = 1150;
				LastUpgradeCheck = 1150;
				ORGANIZATIONNAME = "Igor Kokoev";
				TargetAttributes = {
					90A5CEF724918D5D005668A7 = {
						CreatedOnToolsVersion = 11.5;
					};
					90A5CF0D24918D5E005668A7 = {
						CreatedOnToolsVersion = 11.5;
						TestTargetID = 90A5CEF724918D5D005668A7;
					};
				};
			};
			buildConfigurationList = 90A5CEF324918D5D005668A7 /* Build configuration list for PBXProject "BabylonDemoProject" */;
			compatibilityVersion = "Xcode 9.3";
			developmentRegion = en;
			hasScannedForEncodings = 0;
			knownRegions = (
				en,
				Base,
			);
			mainGroup = 90A5CEEF24918D5D005668A7;
			packageReferences = (
				D99712762496D40000F4170E /* XCRemoteSwiftPackageReference "Kingfisher" */,
			);
			productRefGroup = 90A5CEF924918D5D005668A7 /* Products */;
			projectDirPath = "";
			projectRoot = "";
			targets = (
				90A5CEF724918D5D005668A7 /* BabylonDemoProject */,
				90A5CF0D24918D5E005668A7 /* BabylonDemoProjectTests */,
			);
		};
/* End PBXProject section */

/* Begin PBXResourcesBuildPhase section */
		90A5CEF624918D5D005668A7 /* Resources */ = {
			isa = PBXResourcesBuildPhase;
			buildActionMask = 2147483647;
			files = (
				90A5CF0824918D5E005668A7 /* LaunchScreen.storyboard in Resources */,
				90A5CF0524918D5E005668A7 /* Assets.xcassets in Resources */,
				90A5CF0324918D5D005668A7 /* Main.storyboard in Resources */,
				D92B08202496DC85000B97C3 /* JSONs.xcassets in Resources */,
			);
			runOnlyForDeploymentPostprocessing = 0;
		};
		90A5CF0C24918D5E005668A7 /* Resources */ = {
			isa = PBXResourcesBuildPhase;
			buildActionMask = 2147483647;
			files = (
			);
			runOnlyForDeploymentPostprocessing = 0;
		};
/* End PBXResourcesBuildPhase section */

/* Begin PBXShellScriptBuildPhase section */
		90A5CF232491911A005668A7 /* Swiftlint */ = {
			isa = PBXShellScriptBuildPhase;
			buildActionMask = 2147483647;
			files = (
			);
			inputFileListPaths = (
			);
			inputPaths = (
			);
			name = Swiftlint;
			outputFileListPaths = (
			);
			outputPaths = (
			);
			runOnlyForDeploymentPostprocessing = 0;
			shellPath = /bin/sh;
			shellScript = "if which swiftlint >/dev/null; then\n  swiftlint autocorrect\n  swiftlint\nelse\n  echo \"warning: SwiftLint not installed, download from https://github.com/realm/SwiftLint\"\nfi\n";
		};
/* End PBXShellScriptBuildPhase section */

/* Begin PBXSourcesBuildPhase section */
		90A5CEF424918D5D005668A7 /* Sources */ = {
			isa = PBXSourcesBuildPhase;
			buildActionMask = 2147483647;
			files = (
				9066D50E24964CAE008A8A71 /* User.swift in Sources */,
				D9E445EA2496C1F2003282F6 /* PhotosListViewController.swift in Sources */,
				9066D50C24964B45008A8A71 /* Photo.swift in Sources */,
				90A5CF0024918D5D005668A7 /* ViewController.swift in Sources */,
				9066D51024965FA0008A8A71 /* Comment.swift in Sources */,
				D92B081C2496DC60000B97C3 /* LocalAPIService.swift in Sources */,
				D99712752496C43E00F4170E /* PhotoCollectionViewCell.swift in Sources */,
				90659A0E2496385A00233C5A /* APIRequest.swift in Sources */,
				90659A0C2496384600233C5A /* APIEndpoint.swift in Sources */,
				9066D50724964AE9008A8A71 /* ObtainPhotos.swift in Sources */,
				D9E445E52496A358003282F6 /* ObtainUser.swift in Sources */,
				90A5CEFC24918D5D005668A7 /* AppDelegate.swift in Sources */,
				90A5CEFE24918D5D005668A7 /* SceneDelegate.swift in Sources */,
				90DD5E7524963A0D00696200 /* ObjectDeallocatedError.swift in Sources */,
				D9E445E72496A386003282F6 /* ObtainCommentsOfPhoto.swift in Sources */,
				906829C324962D3C0051BE94 /* ObtainAlbum.swift in Sources */,
				9066D50A24964B40008A8A71 /* Album.swift in Sources */,
				90659A102496387400233C5A /* APIWorker.swift in Sources */,
				906829C124952FEF0051BE94 /* APIService.swift in Sources */,
			);
			runOnlyForDeploymentPostprocessing = 0;
		};
		90A5CF0A24918D5E005668A7 /* Sources */ = {
			isa = PBXSourcesBuildPhase;
			buildActionMask = 2147483647;
			files = (
				90A5CF1324918D5E005668A7 /* BabylonDemoProjectTests.swift in Sources */,
			);
			runOnlyForDeploymentPostprocessing = 0;
		};
/* End PBXSourcesBuildPhase section */

/* Begin PBXTargetDependency section */
		90A5CF1024918D5E005668A7 /* PBXTargetDependency */ = {
			isa = PBXTargetDependency;
			target = 90A5CEF724918D5D005668A7 /* BabylonDemoProject */;
			targetProxy = 90A5CF0F24918D5E005668A7 /* PBXContainerItemProxy */;
		};
/* End PBXTargetDependency section */

/* Begin PBXVariantGroup section */
		90A5CF0124918D5D005668A7 /* Main.storyboard */ = {
			isa = PBXVariantGroup;
			children = (
				90A5CF0224918D5D005668A7 /* Base */,
			);
			name = Main.storyboard;
			sourceTree = "<group>";
		};
		90A5CF0624918D5E005668A7 /* LaunchScreen.storyboard */ = {
			isa = PBXVariantGroup;
			children = (
				90A5CF0724918D5E005668A7 /* Base */,
			);
			name = LaunchScreen.storyboard;
			sourceTree = "<group>";
		};
/* End PBXVariantGroup section */

/* Begin XCBuildConfiguration section */
		90A5CF1524918D5E005668A7 /* Debug */ = {
			isa = XCBuildConfiguration;
			buildSettings = {
				ALWAYS_SEARCH_USER_PATHS = NO;
				CLANG_ANALYZER_NONNULL = YES;
				CLANG_ANALYZER_NUMBER_OBJECT_CONVERSION = YES_AGGRESSIVE;
				CLANG_CXX_LANGUAGE_STANDARD = "gnu++14";
				CLANG_CXX_LIBRARY = "libc++";
				CLANG_ENABLE_MODULES = YES;
				CLANG_ENABLE_OBJC_ARC = YES;
				CLANG_ENABLE_OBJC_WEAK = YES;
				CLANG_WARN_BLOCK_CAPTURE_AUTORELEASING = YES;
				CLANG_WARN_BOOL_CONVERSION = YES;
				CLANG_WARN_COMMA = YES;
				CLANG_WARN_CONSTANT_CONVERSION = YES;
				CLANG_WARN_DEPRECATED_OBJC_IMPLEMENTATIONS = YES;
				CLANG_WARN_DIRECT_OBJC_ISA_USAGE = YES_ERROR;
				CLANG_WARN_DOCUMENTATION_COMMENTS = YES;
				CLANG_WARN_EMPTY_BODY = YES;
				CLANG_WARN_ENUM_CONVERSION = YES;
				CLANG_WARN_INFINITE_RECURSION = YES;
				CLANG_WARN_INT_CONVERSION = YES;
				CLANG_WARN_NON_LITERAL_NULL_CONVERSION = YES;
				CLANG_WARN_OBJC_IMPLICIT_RETAIN_SELF = YES;
				CLANG_WARN_OBJC_LITERAL_CONVERSION = YES;
				CLANG_WARN_OBJC_ROOT_CLASS = YES_ERROR;
				CLANG_WARN_RANGE_LOOP_ANALYSIS = YES;
				CLANG_WARN_STRICT_PROTOTYPES = YES;
				CLANG_WARN_SUSPICIOUS_MOVE = YES;
				CLANG_WARN_UNGUARDED_AVAILABILITY = YES_AGGRESSIVE;
				CLANG_WARN_UNREACHABLE_CODE = YES;
				CLANG_WARN__DUPLICATE_METHOD_MATCH = YES;
				COPY_PHASE_STRIP = NO;
				DEBUG_INFORMATION_FORMAT = dwarf;
				ENABLE_STRICT_OBJC_MSGSEND = YES;
				ENABLE_TESTABILITY = YES;
				GCC_C_LANGUAGE_STANDARD = gnu11;
				GCC_DYNAMIC_NO_PIC = NO;
				GCC_NO_COMMON_BLOCKS = YES;
				GCC_OPTIMIZATION_LEVEL = 0;
				GCC_PREPROCESSOR_DEFINITIONS = (
					"DEBUG=1",
					"$(inherited)",
				);
				GCC_WARN_64_TO_32_BIT_CONVERSION = YES;
				GCC_WARN_ABOUT_RETURN_TYPE = YES_ERROR;
				GCC_WARN_UNDECLARED_SELECTOR = YES;
				GCC_WARN_UNINITIALIZED_AUTOS = YES_AGGRESSIVE;
				GCC_WARN_UNUSED_FUNCTION = YES;
				GCC_WARN_UNUSED_VARIABLE = YES;
				IPHONEOS_DEPLOYMENT_TARGET = 13.5;
				MTL_ENABLE_DEBUG_INFO = INCLUDE_SOURCE;
				MTL_FAST_MATH = YES;
				ONLY_ACTIVE_ARCH = YES;
				SDKROOT = iphoneos;
				SWIFT_ACTIVE_COMPILATION_CONDITIONS = DEBUG;
				SWIFT_OPTIMIZATION_LEVEL = "-Onone";
			};
			name = Debug;
		};
		90A5CF1624918D5E005668A7 /* Release */ = {
			isa = XCBuildConfiguration;
			buildSettings = {
				ALWAYS_SEARCH_USER_PATHS = NO;
				CLANG_ANALYZER_NONNULL = YES;
				CLANG_ANALYZER_NUMBER_OBJECT_CONVERSION = YES_AGGRESSIVE;
				CLANG_CXX_LANGUAGE_STANDARD = "gnu++14";
				CLANG_CXX_LIBRARY = "libc++";
				CLANG_ENABLE_MODULES = YES;
				CLANG_ENABLE_OBJC_ARC = YES;
				CLANG_ENABLE_OBJC_WEAK = YES;
				CLANG_WARN_BLOCK_CAPTURE_AUTORELEASING = YES;
				CLANG_WARN_BOOL_CONVERSION = YES;
				CLANG_WARN_COMMA = YES;
				CLANG_WARN_CONSTANT_CONVERSION = YES;
				CLANG_WARN_DEPRECATED_OBJC_IMPLEMENTATIONS = YES;
				CLANG_WARN_DIRECT_OBJC_ISA_USAGE = YES_ERROR;
				CLANG_WARN_DOCUMENTATION_COMMENTS = YES;
				CLANG_WARN_EMPTY_BODY = YES;
				CLANG_WARN_ENUM_CONVERSION = YES;
				CLANG_WARN_INFINITE_RECURSION = YES;
				CLANG_WARN_INT_CONVERSION = YES;
				CLANG_WARN_NON_LITERAL_NULL_CONVERSION = YES;
				CLANG_WARN_OBJC_IMPLICIT_RETAIN_SELF = YES;
				CLANG_WARN_OBJC_LITERAL_CONVERSION = YES;
				CLANG_WARN_OBJC_ROOT_CLASS = YES_ERROR;
				CLANG_WARN_RANGE_LOOP_ANALYSIS = YES;
				CLANG_WARN_STRICT_PROTOTYPES = YES;
				CLANG_WARN_SUSPICIOUS_MOVE = YES;
				CLANG_WARN_UNGUARDED_AVAILABILITY = YES_AGGRESSIVE;
				CLANG_WARN_UNREACHABLE_CODE = YES;
				CLANG_WARN__DUPLICATE_METHOD_MATCH = YES;
				COPY_PHASE_STRIP = NO;
				DEBUG_INFORMATION_FORMAT = "dwarf-with-dsym";
				ENABLE_NS_ASSERTIONS = NO;
				ENABLE_STRICT_OBJC_MSGSEND = YES;
				GCC_C_LANGUAGE_STANDARD = gnu11;
				GCC_NO_COMMON_BLOCKS = YES;
				GCC_WARN_64_TO_32_BIT_CONVERSION = YES;
				GCC_WARN_ABOUT_RETURN_TYPE = YES_ERROR;
				GCC_WARN_UNDECLARED_SELECTOR = YES;
				GCC_WARN_UNINITIALIZED_AUTOS = YES_AGGRESSIVE;
				GCC_WARN_UNUSED_FUNCTION = YES;
				GCC_WARN_UNUSED_VARIABLE = YES;
				IPHONEOS_DEPLOYMENT_TARGET = 13.5;
				MTL_ENABLE_DEBUG_INFO = NO;
				MTL_FAST_MATH = YES;
				SDKROOT = iphoneos;
				SWIFT_COMPILATION_MODE = wholemodule;
				SWIFT_OPTIMIZATION_LEVEL = "-O";
				VALIDATE_PRODUCT = YES;
			};
			name = Release;
		};
		90A5CF1824918D5E005668A7 /* Debug */ = {
			isa = XCBuildConfiguration;
			buildSettings = {
				ASSETCATALOG_COMPILER_APPICON_NAME = AppIcon;
				CODE_SIGN_STYLE = Automatic;
				DEVELOPMENT_TEAM = 9W9U2X842Z;
				INFOPLIST_FILE = BabylonDemoProject/Resources/Info.plist;
				LD_RUNPATH_SEARCH_PATHS = (
					"$(inherited)",
					"@executable_path/Frameworks",
				);
				PRODUCT_BUNDLE_IDENTIFIER = com.igorkokoev.BabylonDemoProject;
				PRODUCT_NAME = "$(TARGET_NAME)";
				SWIFT_VERSION = 5.0;
				TARGETED_DEVICE_FAMILY = "1,2";
			};
			name = Debug;
		};
		90A5CF1924918D5E005668A7 /* Release */ = {
			isa = XCBuildConfiguration;
			buildSettings = {
				ASSETCATALOG_COMPILER_APPICON_NAME = AppIcon;
				CODE_SIGN_STYLE = Automatic;
				DEVELOPMENT_TEAM = 9W9U2X842Z;
				INFOPLIST_FILE = BabylonDemoProject/Resources/Info.plist;
				LD_RUNPATH_SEARCH_PATHS = (
					"$(inherited)",
					"@executable_path/Frameworks",
				);
				PRODUCT_BUNDLE_IDENTIFIER = com.igorkokoev.BabylonDemoProject;
				PRODUCT_NAME = "$(TARGET_NAME)";
				SWIFT_VERSION = 5.0;
				TARGETED_DEVICE_FAMILY = "1,2";
			};
			name = Release;
		};
		90A5CF1B24918D5E005668A7 /* Debug */ = {
			isa = XCBuildConfiguration;
			buildSettings = {
				ALWAYS_EMBED_SWIFT_STANDARD_LIBRARIES = YES;
				BUNDLE_LOADER = "$(TEST_HOST)";
				CODE_SIGN_STYLE = Automatic;
				DEVELOPMENT_TEAM = 9W9U2X842Z;
				INFOPLIST_FILE = BabylonDemoProjectTests/Info.plist;
				IPHONEOS_DEPLOYMENT_TARGET = 13.5;
				LD_RUNPATH_SEARCH_PATHS = (
					"$(inherited)",
					"@executable_path/Frameworks",
					"@loader_path/Frameworks",
				);
				PRODUCT_BUNDLE_IDENTIFIER = com.igorkokoev.BabylonDemoProjectTests;
				PRODUCT_NAME = "$(TARGET_NAME)";
				SWIFT_VERSION = 5.0;
				TARGETED_DEVICE_FAMILY = "1,2";
				TEST_HOST = "$(BUILT_PRODUCTS_DIR)/BabylonDemoProject.app/BabylonDemoProject";
			};
			name = Debug;
		};
		90A5CF1C24918D5E005668A7 /* Release */ = {
			isa = XCBuildConfiguration;
			buildSettings = {
				ALWAYS_EMBED_SWIFT_STANDARD_LIBRARIES = YES;
				BUNDLE_LOADER = "$(TEST_HOST)";
				CODE_SIGN_STYLE = Automatic;
				DEVELOPMENT_TEAM = 9W9U2X842Z;
				INFOPLIST_FILE = BabylonDemoProjectTests/Info.plist;
				IPHONEOS_DEPLOYMENT_TARGET = 13.5;
				LD_RUNPATH_SEARCH_PATHS = (
					"$(inherited)",
					"@executable_path/Frameworks",
					"@loader_path/Frameworks",
				);
				PRODUCT_BUNDLE_IDENTIFIER = com.igorkokoev.BabylonDemoProjectTests;
				PRODUCT_NAME = "$(TARGET_NAME)";
				SWIFT_VERSION = 5.0;
				TARGETED_DEVICE_FAMILY = "1,2";
				TEST_HOST = "$(BUILT_PRODUCTS_DIR)/BabylonDemoProject.app/BabylonDemoProject";
			};
			name = Release;
		};
/* End XCBuildConfiguration section */

/* Begin XCConfigurationList section */
		90A5CEF324918D5D005668A7 /* Build configuration list for PBXProject "BabylonDemoProject" */ = {
			isa = XCConfigurationList;
			buildConfigurations = (
				90A5CF1524918D5E005668A7 /* Debug */,
				90A5CF1624918D5E005668A7 /* Release */,
			);
			defaultConfigurationIsVisible = 0;
			defaultConfigurationName = Release;
		};
		90A5CF1724918D5E005668A7 /* Build configuration list for PBXNativeTarget "BabylonDemoProject" */ = {
			isa = XCConfigurationList;
			buildConfigurations = (
				90A5CF1824918D5E005668A7 /* Debug */,
				90A5CF1924918D5E005668A7 /* Release */,
			);
			defaultConfigurationIsVisible = 0;
			defaultConfigurationName = Release;
		};
		90A5CF1A24918D5E005668A7 /* Build configuration list for PBXNativeTarget "BabylonDemoProjectTests" */ = {
			isa = XCConfigurationList;
			buildConfigurations = (
				90A5CF1B24918D5E005668A7 /* Debug */,
				90A5CF1C24918D5E005668A7 /* Release */,
			);
			defaultConfigurationIsVisible = 0;
			defaultConfigurationName = Release;
		};
/* End XCConfigurationList section */

/* Begin XCRemoteSwiftPackageReference section */
		D99712762496D40000F4170E /* XCRemoteSwiftPackageReference "Kingfisher" */ = {
			isa = XCRemoteSwiftPackageReference;
			repositoryURL = "https://github.com/onevcat/Kingfisher.git";
			requirement = {
				kind = upToNextMajorVersion;
				minimumVersion = 5.14.0;
			};
		};
/* End XCRemoteSwiftPackageReference section */

/* Begin XCSwiftPackageProductDependency section */
		D99712772496D40000F4170E /* Kingfisher */ = {
			isa = XCSwiftPackageProductDependency;
			package = D99712762496D40000F4170E /* XCRemoteSwiftPackageReference "Kingfisher" */;
			productName = Kingfisher;
		};
/* End XCSwiftPackageProductDependency section */
	};
	rootObject = 90A5CEF024918D5D005668A7 /* Project object */;
}
